
Microsoft Visual Studio Solution File, Format Version 12.00
# Visual Studio 15
Project("{FAE04EC0-301F-11D3-BF4B-00C04F79EFBC}") = "Assembly-CSharp", "Assembly-CSharp.csproj", "{60F54CA6-B7D7-7302-128A-C16F73981C0E}"
EndProject
Project("{FAE04EC0-301F-11D3-BF4B-00C04F79EFBC}") = "Assembly-CSharp-firstpass", "Assembly-CSharp-firstpass.csproj", "{1A638DD8-F431-6FA5-1A41-7991150F7DF7}"
EndProject
Project("{FAE04EC0-301F-11D3-BF4B-00C04F79EFBC}") = "Assembly-CSharp-Editor-firstpass", "Assembly-CSharp-Editor-firstpass.csproj", "{86C9FD64-B233-1468-8EFB-287061A0AFAF}"
EndProject
Global
	GlobalSection(SolutionConfigurationPlatforms) = preSolution
		Debug|Any CPU = Debug|Any CPU
		Release|Any CPU = Release|Any CPU
	EndGlobalSection
	GlobalSection(ProjectConfigurationPlatforms) = postSolution
		{60F54CA6-B7D7-7302-128A-C16F73981C0E}.Debug|Any CPU.ActiveCfg = Debug|Any CPU
		{60F54CA6-B7D7-7302-128A-C16F73981C0E}.Debug|Any CPU.Build.0 = Debug|Any CPU
		{60F54CA6-B7D7-7302-128A-C16F73981C0E}.Release|Any CPU.ActiveCfg = Release|Any CPU
		{60F54CA6-B7D7-7302-128A-C16F73981C0E}.Release|Any CPU.Build.0 = Release|Any CPU
		{1A638DD8-F431-6FA5-1A41-7991150F7DF7}.Debug|Any CPU.ActiveCfg = Debug|Any CPU
		{1A638DD8-F431-6FA5-1A41-7991150F7DF7}.Debug|Any CPU.Build.0 = Debug|Any CPU
		{1A638DD8-F431-6FA5-1A41-7991150F7DF7}.Release|Any CPU.ActiveCfg = Release|Any CPU
		{1A638DD8-F431-6FA5-1A41-7991150F7DF7}.Release|Any CPU.Build.0 = Release|Any CPU
		{86C9FD64-B233-1468-8EFB-287061A0AFAF}.Debug|Any CPU.ActiveCfg = Debug|Any CPU
		{86C9FD64-B233-1468-8EFB-287061A0AFAF}.Debug|Any CPU.Build.0 = Debug|Any CPU
		{86C9FD64-B233-1468-8EFB-287061A0AFAF}.Release|Any CPU.ActiveCfg = Release|Any CPU
		{86C9FD64-B233-1468-8EFB-287061A0AFAF}.Release|Any CPU.Build.0 = Release|Any CPU
	EndGlobalSection
	GlobalSection(SolutionProperties) = preSolution
		HideSolutionNode = FALSE
	EndGlobalSection
EndGlobal
